
Microsoft Visual Studio Solution File, Format Version 12.00
# Visual Studio Version 17
VisualStudioVersion = 17.8.34330.188
MinimumVisualStudioVersion = 10.0.40219.1
Project("{8BC9CEB8-8B4A-11D0-8D11-00A0C91BC942}") = "cutest", "cutest.vcxproj", "{29CF31E8-6E05-447B-AC13-361860A2AACC}"
EndProject
Global
	GlobalSection(SolutionConfigurationPlatforms) = preSolution
		Debug|x64 = Debug|x64
		Debug|x86 = Debug|x86
		Release|x64 = Release|x64
		Release|x86 = Release|x86
	EndGlobalSection
	GlobalSection(ProjectConfigurationPlatforms) = postSolution
		{29CF31E8-6E05-447B-AC13-361860A2AACC}.Debug|x64.ActiveCfg = Debug|x64
		{29CF31E8-6E05-447B-AC13-361860A2AACC}.Debug|x64.Build.0 = Debug|x64
		{29CF31E8-6E05-447B-AC13-361860A2AACC}.Debug|x86.ActiveCfg = Debug|Win32
		{29CF31E8-6E05-447B-AC13-361860A2AACC}.Debug|x86.Build.0 = Debug|Win32
		{29CF31E8-6E05-447B-AC13-361860A2AACC}.Release|x64.ActiveCfg = Release|x64
		{29CF31E8-6E05-447B-AC13-361860A2AACC}.Release|x64.Build.0 = Release|x64
		{29CF31E8-6E05-447B-AC13-361860A2AACC}.Release|x86.ActiveCfg = Release|Win32
		{29CF31E8-6E05-447B-AC13-361860A2AACC}.Release|x86.Build.0 = Release|Win32
	EndGlobalSection
	GlobalSection(SolutionProperties) = preSolution
		HideSolutionNode = FALSE
	EndGlobalSection
	GlobalSection(ExtensibilityGlobals) = postSolution
		SolutionGuid = {1C9072B3-448B-4243-8242-A22D93831E64}
	EndGlobalSection
EndGlobal
