<?xml version="1.0" encoding="utf-8"?>
<Project ToolsVersion="4.0" xmlns="http://schemas.microsoft.com/developer/msbuild/2003">
  <ItemGroup>
    <Filter Include="Source Files">
      <UniqueIdentifier>{4FC737F1-C7A5-4376-A066-2A32D752A2FF}</UniqueIdentifier>
      <Extensions>cpp;c;cc;cxx;c++;cppm;ixx;def;odl;idl;hpj;bat;asm;asmx</Extensions>
    </Filter>
    <Filter Include="Header Files">
      <UniqueIdentifier>{93995380-89BD-4b04-88EB-625FBE52EBFB}</UniqueIdentifier>
      <Extensions>h;hh;hpp;hxx;h++;hm;inl;inc;ipp;xsd</Extensions>
    </Filter>
    <Filter Include="Resource Files">
      <UniqueIdentifier>{67DA6AB6-F800-4c08-8B7A-83BB121AAD01}</UniqueIdentifier>
      <Extensions>rc;ico;cur;bmp;dlg;rc2;rct;bin;rgs;gif;jpg;jpeg;jpe;resx;tiff;tif;png;wav;mfcribbon-ms</Extensions>
    </Filter>
    <Filter Include="Source Files\util">
      <UniqueIdentifier>{44f3c040-cdff-4139-98e6-ee7a10baf50d}</UniqueIdentifier>
    </Filter>
    <Filter Include="Header Files\util">
      <UniqueIdentifier>{f27ec735-4a0f-4f1e-b0c7-da5199d2c2e2}</UniqueIdentifier>
    </Filter>
    <Filter Include="Header Files\test">
      <UniqueIdentifier>{6f5b87ee-d6ad-45eb-8622-958c1145d492}</UniqueIdentifier>
    </Filter>
    <Filter Include="Source Files\test">
      <UniqueIdentifier>{6323e723-2635-4f56-bc50-d499394f39bf}</UniqueIdentifier>
    </Filter>
    <Filter Include="Header Files\perf">
      <UniqueIdentifier>{b531ac15-2043-4274-ae8f-fdcc7ec8d505}</UniqueIdentifier>
    </Filter>
    <Filter Include="Source Files\perf">
      <UniqueIdentifier>{2d9addb5-ca71-47d8-84ac-c97311340125}</UniqueIdentifier>
    </Filter>
  </ItemGroup>
  <ItemGroup>
    <ClCompile Include="util\util_fxt.c">
      <Filter>Source Files\util</Filter>
    </ClCompile>
    <ClCompile Include="util\dir_tst.c">
      <Filter>Source Files\util</Filter>
    </ClCompile>
    <ClCompile Include="util\hstb_tst.c">
      <Filter>Source Files\util</Filter>
    </ClCompile>
    <ClCompile Include="util\list_tst.c">
      <Filter>Source Files\util</Filter>
    </ClCompile>
    <ClCompile Include="util\misc_tst.c">
      <Filter>Source Files\util</Filter>
    </ClCompile>
    <ClCompile Include="util\mtch_tst.c">
      <Filter>Source Files\util</Filter>
    </ClCompile>
    <ClCompile Include="util\rnd_tst.c">
      <Filter>Source Files\util</Filter>
    </ClCompile>
    <ClCompile Include="util\stck_tst.c">
      <Filter>Source Files\util</Filter>
    </ClCompile>
    <ClCompile Include="util\util_tst.c">
      <Filter>Source Files\util</Filter>
    </ClCompile>
    <ClCompile Include="util\uuid_tst.c">
      <Filter>Source Files\util</Filter>
    </ClCompile>
    <ClCompile Include="acu_entr.c">
      <Filter>Source Files</Filter>
    </ClCompile>
    <ClCompile Include="test\test_fxt.c">
      <Filter>Source Files\test</Filter>
    </ClCompile>
    <ClCompile Include="test\asrt_tst.c">
      <Filter>Source Files\test</Filter>
    </ClCompile>
    <ClCompile Include="test\char_tst.c">
      <Filter>Source Files\test</Filter>
    </ClCompile>
    <ClCompile Include="test\flt_test.c">
      <Filter>Source Files\test</Filter>
    </ClCompile>
    <ClCompile Include="test\fxtr_tst.c">
      <Filter>Source Files\test</Filter>
    </ClCompile>
    <ClCompile Include="test\int_tst.c">
      <Filter>Source Files\test</Filter>
    </ClCompile>
    <ClCompile Include="test\long_tst.c">
      <Filter>Source Files\test</Filter>
    </ClCompile>
    <ClCompile Include="test\ptr_tst.c">
      <Filter>Source Files\test</Filter>
    </ClCompile>
    <ClCompile Include="test\rprt_tst.c">
      <Filter>Source Files\test</Filter>
    </ClCompile>
    <ClCompile Include="test\rslt_tst.c">
      <Filter>Source Files\test</Filter>
    </ClCompile>
    <ClCompile Include="test\shrt_tst.c">
      <Filter>Source Files\test</Filter>
    </ClCompile>
    <ClCompile Include="test\sizt_tst.c">
      <Filter>Source Files\test</Filter>
    </ClCompile>
    <ClCompile Include="test\str_tst.c">
      <Filter>Source Files\test</Filter>
    </ClCompile>
    <ClCompile Include="test\tryc_tst.c">
      <Filter>Source Files\test</Filter>
    </ClCompile>
    <ClCompile Include="test\uchr_tst.c">
      <Filter>Source Files\test</Filter>
    </ClCompile>
    <ClCompile Include="test\uint_tst.c">
      <Filter>Source Files\test</Filter>
    </ClCompile>
    <ClCompile Include="test\ulng_tst.c">
      <Filter>Source Files\test</Filter>
    </ClCompile>
    <ClCompile Include="test\usht_tst.c">
      <Filter>Source Files\test</Filter>
    </ClCompile>
    <ClCompile Include="util\allc_tst.c">
      <Filter>Source Files\util</Filter>
    </ClCompile>
    <ClCompile Include="perf\perf_fxt.c">
      <Filter>Source Files\perf</Filter>
    </ClCompile>
    <ClCompile Include="perf\palc_tst.c">
      <Filter>Source Files\perf</Filter>
    </ClCompile>
    <ClCompile Include="perf\pmsc_tst.c">
      <Filter>Source Files\perf</Filter>
    </ClCompile>
  </ItemGroup>
  <ItemGroup>
    <ClInclude Include="util\dir_tst.h">
      <Filter>Header Files\util</Filter>
    </ClInclude>
    <ClInclude Include="util\hstb_tst.h">
      <Filter>Header Files\util</Filter>
    </ClInclude>
    <ClInclude Include="util\list_tst.h">
      <Filter>Header Files\util</Filter>
    </ClInclude>
    <ClInclude Include="util\misc_tst.h">
      <Filter>Header Files\util</Filter>
    </ClInclude>
    <ClInclude Include="util\mtch_tst.h">
      <Filter>Header Files\util</Filter>
    </ClInclude>
    <ClInclude Include="util\rnd_tst.h">
      <Filter>Header Files\util</Filter>
    </ClInclude>
    <ClInclude Include="util\stck_tst.h">
      <Filter>Header Files\util</Filter>
    </ClInclude>
    <ClInclude Include="util\util_tst.h">
      <Filter>Header Files\util</Filter>
    </ClInclude>
    <ClInclude Include="util\uuid_tst.h">
      <Filter>Header Files\util</Filter>
    </ClInclude>
    <ClInclude Include="util\util_fxt.h">
      <Filter>Header Files\util</Filter>
    </ClInclude>
    <ClInclude Include="test\asrt_tst.h">
      <Filter>Header Files\test</Filter>
    </ClInclude>
    <ClInclude Include="test\char_tst.h">
      <Filter>Header Files\test</Filter>
    </ClInclude>
    <ClInclude Include="test\flt_test.h">
      <Filter>Header Files\test</Filter>
    </ClInclude>
    <ClInclude Include="test\fxtr_tst.h">
      <Filter>Header Files\test</Filter>
    </ClInclude>
    <ClInclude Include="test\int_tst.h">
      <Filter>Header Files\test</Filter>
    </ClInclude>
    <ClInclude Include="test\long_tst.h">
      <Filter>Header Files\test</Filter>
    </ClInclude>
    <ClInclude Include="test\ptr_tst.h">
      <Filter>Header Files\test</Filter>
    </ClInclude>
    <ClInclude Include="test\rprt_tst.h">
      <Filter>Header Files\test</Filter>
    </ClInclude>
    <ClInclude Include="test\rslt_tst.h">
      <Filter>Header Files\test</Filter>
    </ClInclude>
    <ClInclude Include="test\shrt_tst.h">
      <Filter>Header Files\test</Filter>
    </ClInclude>
    <ClInclude Include="test\sizt_tst.h">
      <Filter>Header Files\test</Filter>
    </ClInclude>
    <ClInclude Include="test\str_tst.h">
      <Filter>Header Files\test</Filter>
    </ClInclude>
    <ClInclude Include="test\tryc_tst.h">
      <Filter>Header Files\test</Filter>
    </ClInclude>
    <ClInclude Include="test\tst_bed.h">
      <Filter>Header Files\test</Filter>
    </ClInclude>
    <ClInclude Include="test\uchr_tst.h">
      <Filter>Header Files\test</Filter>
    </ClInclude>
    <ClInclude Include="test\uint_tst.h">
      <Filter>Header Files\test</Filter>
    </ClInclude>
    <ClInclude Include="test\ulng_tst.h">
      <Filter>Header Files\test</Filter>
    </ClInclude>
    <ClInclude Include="test\usht_tst.h">
      <Filter>Header Files\test</Filter>
    </ClInclude>
    <ClInclude Include="util\allc_tst.h">
      <Filter>Header Files\util</Filter>
    </ClInclude>
    <ClInclude Include="perf\perf_fxt.h">
      <Filter>Header Files\perf</Filter>
    </ClInclude>
    <ClInclude Include="perf\palc_tst.h">
      <Filter>Header Files\perf</Filter>
    </ClInclude>
    <ClInclude Include="perf\pmsc_tst.h">
      <Filter>Header Files\perf</Filter>
    </ClInclude>
  </ItemGroup>
</Project>