<?xml version="1.0" encoding="utf-8"?>
<Project ToolsVersion="4.0" xmlns="http://schemas.microsoft.com/developer/msbuild/2003">
  <ItemGroup>
    <Filter Include="Source Files">
      <UniqueIdentifier>{4FC737F1-C7A5-4376-A066-2A32D752A2FF}</UniqueIdentifier>
      <Extensions>cpp;c;cc;cxx;c++;cppm;ixx;def;odl;idl;hpj;bat;asm;asmx</Extensions>
    </Filter>
    <Filter Include="Header Files">
      <UniqueIdentifier>{93995380-89BD-4b04-88EB-625FBE52EBFB}</UniqueIdentifier>
      <Extensions>h;hh;hpp;hxx;h++;hm;inl;inc;ipp;xsd</Extensions>
    </Filter>
    <Filter Include="Resource Files">
      <UniqueIdentifier>{67DA6AB6-F800-4c08-8B7A-83BB121AAD01}</UniqueIdentifier>
      <Extensions>rc;ico;cur;bmp;dlg;rc2;rct;bin;rgs;gif;jpg;jpeg;jpe;resx;tiff;tif;png;wav;mfcribbon-ms</Extensions>
    </Filter>
  </ItemGroup>
  <ItemGroup>
    <ClCompile Include="dllmain.c">
      <Filter>Source Files</Filter>
    </ClCompile>
    <ClCompile Include="acu_dir.c">
      <Filter>Source Files</Filter>
    </ClCompile>
    <ClCompile Include="acu_list.c">
      <Filter>Source Files</Filter>
    </ClCompile>
    <ClCompile Include="acu_stck.c">
      <Filter>Source Files</Filter>
    </ClCompile>
    <ClCompile Include="acu_util.c">
      <Filter>Source Files</Filter>
    </ClCompile>
    <ClCompile Include="acu_mtch.c">
      <Filter>Source Files</Filter>
    </ClCompile>
    <ClCompile Include="acu_rand.c">
      <Filter>Source Files</Filter>
    </ClCompile>
    <ClCompile Include="acu_uuid.c">
      <Filter>Source Files</Filter>
    </ClCompile>
    <ClCompile Include="windows\acu_utilWindows.c">
      <Filter>Source Files</Filter>
    </ClCompile>
    <ClCompile Include="windows\acu_dirWindows.c">
      <Filter>Source Files</Filter>
    </ClCompile>
    <ClCompile Include="acu_plgn.c">
      <Filter>Source Files</Filter>
    </ClCompile>
    <ClCompile Include="windows\acu_plgnWindows.c">
      <Filter>Source Files</Filter>
    </ClCompile>
    <ClCompile Include="windows\acu_randWindows.c">
      <Filter>Source Files</Filter>
    </ClCompile>
    <ClCompile Include="acu_hstb.c">
      <Filter>Source Files</Filter>
    </ClCompile>
    <ClCompile Include="acu_stbl.c">
      <Filter>Source Files</Filter>
    </ClCompile>
    <ClCompile Include="acu_strg.c">
      <Filter>Source Files</Filter>
    </ClCompile>
    <ClCompile Include="windows\acu_stringWindows.c">
      <Filter>Source Files</Filter>
    </ClCompile>
    <ClCompile Include="ACU_CACH.C">
      <Filter>Source Files</Filter>
    </ClCompile>
    <ClCompile Include="acu_allc.c">
      <Filter>Source Files</Filter>
    </ClCompile>
    <ClCompile Include="acu_dall.c">
      <Filter>Source Files</Filter>
    </ClCompile>
  </ItemGroup>
  <ItemGroup>
    <ClInclude Include="acu_dir.h">
      <Filter>Header Files</Filter>
    </ClInclude>
    <ClInclude Include="acu_list.h">
      <Filter>Header Files</Filter>
    </ClInclude>
    <ClInclude Include="acu_stck.h">
      <Filter>Header Files</Filter>
    </ClInclude>
    <ClInclude Include="acu_util.h">
      <Filter>Header Files</Filter>
    </ClInclude>
    <ClInclude Include="acu_cmmn.h">
      <Filter>Header Files</Filter>
    </ClInclude>
    <ClInclude Include="acu_mtch.h">
      <Filter>Header Files</Filter>
    </ClInclude>
    <ClInclude Include="acu_rand.h">
      <Filter>Header Files</Filter>
    </ClInclude>
    <ClInclude Include="acu_uuid.h">
      <Filter>Header Files</Filter>
    </ClInclude>
    <ClInclude Include="acu_plgn.h">
      <Filter>Header Files</Filter>
    </ClInclude>
    <ClInclude Include="acu_hstb.h">
      <Filter>Header Files</Filter>
    </ClInclude>
    <ClInclude Include="acu_stbl.h">
      <Filter>Header Files</Filter>
    </ClInclude>
    <ClInclude Include="acu_strg.h">
      <Filter>Header Files</Filter>
    </ClInclude>
    <ClInclude Include="acu_cach.h">
      <Filter>Header Files</Filter>
    </ClInclude>
    <ClInclude Include="acu_allc.h">
      <Filter>Header Files</Filter>
    </ClInclude>
    <ClInclude Include="acu_dall.h">
      <Filter>Header Files</Filter>
    </ClInclude>
  </ItemGroup>
</Project>